// !$*UTF8*$!
{
	archiveVersion = 1;
	classes = {
	};
	objectVersion = 46;
	objects = {

/* Begin PBXBuildFile section */
		814FCDEDB2AB39641B204B86 /* Pods_AIOSXDemo.framework in Frameworks */ = {isa = PBXBuildFile; fileRef = 2DA2F26F1FF3989B924EEA38 /* Pods_AIOSXDemo.framework */; };
		CE5E742B1C1A79E400890183 /* TextRequestViewController.swift in Sources */ = {isa = PBXBuildFile; fileRef = CE5E742A1C1A79E400890183 /* TextRequestViewController.swift */; };
		CEABF95C1C1990AB004BCF62 /* AppDelegate.swift in Sources */ = {isa = PBXBuildFile; fileRef = CEABF95B1C1990AB004BCF62 /* AppDelegate.swift */; };
		CEABF95E1C1990AB004BCF62 /* LandingViewController.swift in Sources */ = {isa = PBXBuildFile; fileRef = CEABF95D1C1990AB004BCF62 /* LandingViewController.swift */; };
		CEABF9601C1990AB004BCF62 /* Assets.xcassets in Resources */ = {isa = PBXBuildFile; fileRef = CEABF95F1C1990AB004BCF62 /* Assets.xcassets */; };
		CEABF9631C1990AC004BCF62 /* Main.storyboard in Resources */ = {isa = PBXBuildFile; fileRef = CEABF9611C1990AC004BCF62 /* Main.storyboard */; };
/* End PBXBuildFile section */

/* Begin PBXFileReference section */
		2DA2F26F1FF3989B924EEA38 /* Pods_AIOSXDemo.framework */ = {isa = PBXFileReference; explicitFileType = wrapper.framework; includeInIndex = 0; path = Pods_AIOSXDemo.framework; sourceTree = BUILT_PRODUCTS_DIR; };
		3C7D49D1CB9FB37E0F633D82 /* Pods-AIOSXDemo.release.xcconfig */ = {isa = PBXFileReference; includeInIndex = 1; lastKnownFileType = text.xcconfig; name = "Pods-AIOSXDemo.release.xcconfig"; path = "Pods/Target Support Files/Pods-AIOSXDemo/Pods-AIOSXDemo.release.xcconfig"; sourceTree = "<group>"; };
		7739E50E38EF7232DAB45666 /* Pods-AIOSXDemo.debug.xcconfig */ = {isa = PBXFileReference; includeInIndex = 1; lastKnownFileType = text.xcconfig; name = "Pods-AIOSXDemo.debug.xcconfig"; path = "Pods/Target Support Files/Pods-AIOSXDemo/Pods-AIOSXDemo.debug.xcconfig"; sourceTree = "<group>"; };
		CE5E742A1C1A79E400890183 /* TextRequestViewController.swift */ = {isa = PBXFileReference; fileEncoding = 4; lastKnownFileType = sourcecode.swift; path = TextRequestViewController.swift; sourceTree = "<group>"; };
		CEABF9581C1990AB004BCF62 /* AIOSXDemo.app */ = {isa = PBXFileReference; explicitFileType = wrapper.application; includeInIndex = 0; path = AIOSXDemo.app; sourceTree = BUILT_PRODUCTS_DIR; };
		CEABF95B1C1990AB004BCF62 /* AppDelegate.swift */ = {isa = PBXFileReference; lastKnownFileType = sourcecode.swift; path = AppDelegate.swift; sourceTree = "<group>"; };
		CEABF95D1C1990AB004BCF62 /* LandingViewController.swift */ = {isa = PBXFileReference; lastKnownFileType = sourcecode.swift; path = LandingViewController.swift; sourceTree = "<group>"; };
		CEABF95F1C1990AB004BCF62 /* Assets.xcassets */ = {isa = PBXFileReference; lastKnownFileType = folder.assetcatalog; path = Assets.xcassets; sourceTree = "<group>"; };
		CEABF9621C1990AC004BCF62 /* Base */ = {isa = PBXFileReference; lastKnownFileType = file.storyboard; name = Base; path = Base.lproj/Main.storyboard; sourceTree = "<group>"; };
		CEABF9641C1990AC004BCF62 /* Info.plist */ = {isa = PBXFileReference; lastKnownFileType = text.plist.xml; path = Info.plist; sourceTree = "<group>"; };
/* End PBXFileReference section */

/* Begin PBXFrameworksBuildPhase section */
		CEABF9551C1990AB004BCF62 /* Frameworks */ = {
			isa = PBXFrameworksBuildPhase;
			buildActionMask = 2147483647;
			files = (
				814FCDEDB2AB39641B204B86 /* Pods_AIOSXDemo.framework in Frameworks */,
			);
			runOnlyForDeploymentPostprocessing = 0;
		};
/* End PBXFrameworksBuildPhase section */

/* Begin PBXGroup section */
		7C63D67ACA7DBAC4A42F4D49 /* Pods */ = {
			isa = PBXGroup;
			children = (
				7739E50E38EF7232DAB45666 /* Pods-AIOSXDemo.debug.xcconfig */,
				3C7D49D1CB9FB37E0F633D82 /* Pods-AIOSXDemo.release.xcconfig */,
			);
			name = Pods;
			sourceTree = "<group>";
		};
		C34C831AFCFE22B65A72910C /* Frameworks */ = {
			isa = PBXGroup;
			children = (
				2DA2F26F1FF3989B924EEA38 /* Pods_AIOSXDemo.framework */,
			);
			name = Frameworks;
			sourceTree = "<group>";
		};
		CEABF94F1C1990AB004BCF62 = {
			isa = PBXGroup;
			children = (
				CEABF95A1C1990AB004BCF62 /* AIOSXDemo */,
				CEABF9591C1990AB004BCF62 /* Products */,
				7C63D67ACA7DBAC4A42F4D49 /* Pods */,
				C34C831AFCFE22B65A72910C /* Frameworks */,
			);
			sourceTree = "<group>";
		};
		CEABF9591C1990AB004BCF62 /* Products */ = {
			isa = PBXGroup;
			children = (
				CEABF9581C1990AB004BCF62 /* AIOSXDemo.app */,
			);
			name = Products;
			sourceTree = "<group>";
		};
		CEABF95A1C1990AB004BCF62 /* AIOSXDemo */ = {
			isa = PBXGroup;
			children = (
				CEABF95B1C1990AB004BCF62 /* AppDelegate.swift */,
				CEABF95D1C1990AB004BCF62 /* LandingViewController.swift */,
				CE5E742A1C1A79E400890183 /* TextRequestViewController.swift */,
				CEABF95F1C1990AB004BCF62 /* Assets.xcassets */,
				CEABF9641C1990AC004BCF62 /* Info.plist */,
				CEABF9611C1990AC004BCF62 /* Main.storyboard */,
			);
			path = AIOSXDemo;
			sourceTree = "<group>";
		};
/* End PBXGroup section */

/* Begin PBXNativeTarget section */
		CEABF9571C1990AB004BCF62 /* AIOSXDemo */ = {
			isa = PBXNativeTarget;
			buildConfigurationList = CEABF97D1C1990AC004BCF62 /* Build configuration list for PBXNativeTarget "AIOSXDemo" */;
			buildPhases = (
				31EB21B9F098C6B3ACFBDC26 /* [CP] Check Pods Manifest.lock */,
				CEABF9541C1990AB004BCF62 /* Sources */,
				CEABF9551C1990AB004BCF62 /* Frameworks */,
				CEABF9561C1990AB004BCF62 /* Resources */,
				901F1021474427752AC8EA20 /* [CP] Embed Pods Frameworks */,
				96703AD7B15DAAE83FA78C40 /* [CP] Copy Pods Resources */,
			);
			buildRules = (
			);
			dependencies = (
			);
			name = AIOSXDemo;
			productName = AIOSXDemo;
			productReference = CEABF9581C1990AB004BCF62 /* AIOSXDemo.app */;
			productType = "com.apple.product-type.application";
		};
/* End PBXNativeTarget section */

/* Begin PBXProject section */
		CEABF9501C1990AB004BCF62 /* Project object */ = {
			isa = PBXProject;
			attributes = {
				LastSwiftUpdateCheck = 0720;
				LastUpgradeCheck = 0820;
				ORGANIZATIONNAME = Api.ai;
				TargetAttributes = {
					CEABF9571C1990AB004BCF62 = {
						CreatedOnToolsVersion = 7.2;
						LastSwiftMigration = 0820;
					};
				};
			};
			buildConfigurationList = CEABF9531C1990AB004BCF62 /* Build configuration list for PBXProject "AIOSXDemo" */;
			compatibilityVersion = "Xcode 3.2";
			developmentRegion = English;
			hasScannedForEncodings = 0;
			knownRegions = (
				en,
				Base,
			);
			mainGroup = CEABF94F1C1990AB004BCF62;
			productRefGroup = CEABF9591C1990AB004BCF62 /* Products */;
			projectDirPath = "";
			projectRoot = "";
			targets = (
				CEABF9571C1990AB004BCF62 /* AIOSXDemo */,
			);
		};
/* End PBXProject section */

/* Begin PBXResourcesBuildPhase section */
		CEABF9561C1990AB004BCF62 /* Resources */ = {
			isa = PBXResourcesBuildPhase;
			buildActionMask = 2147483647;
			files = (
				CEABF9601C1990AB004BCF62 /* Assets.xcassets in Resources */,
				CEABF9631C1990AC004BCF62 /* Main.storyboard in Resources */,
			);
			runOnlyForDeploymentPostprocessing = 0;
		};
/* End PBXResourcesBuildPhase section */

/* Begin PBXShellScriptBuildPhase section */
		31EB21B9F098C6B3ACFBDC26 /* [CP] Check Pods Manifest.lock */ = {
			isa = PBXShellScriptBuildPhase;
			buildActionMask = 2147483647;
			files = (
			);
			inputPaths = (
			);
			name = "[CP] Check Pods Manifest.lock";
			outputPaths = (
			);
			runOnlyForDeploymentPostprocessing = 0;
			shellPath = /bin/sh;
			shellScript = "diff \"${PODS_ROOT}/../Podfile.lock\" \"${PODS_ROOT}/Manifest.lock\" > /dev/null\nif [ $? != 0 ] ; then\n    # print error to STDERR\n    echo \"error: The sandbox is not in sync with the Podfile.lock. Run 'pod install' or update your CocoaPods installation.\" >&2\n    exit 1\nfi\n";
			showEnvVarsInLog = 0;
		};
		901F1021474427752AC8EA20 /* [CP] Embed Pods Frameworks */ = {
			isa = PBXShellScriptBuildPhase;
			buildActionMask = 2147483647;
			files = (
			);
			inputPaths = (
			);
			name = "[CP] Embed Pods Frameworks";
			outputPaths = (
			);
			runOnlyForDeploymentPostprocessing = 0;
			shellPath = /bin/sh;
			shellScript = "\"${SRCROOT}/Pods/Target Support Files/Pods-AIOSXDemo/Pods-AIOSXDemo-frameworks.sh\"\n";
			showEnvVarsInLog = 0;
		};
		96703AD7B15DAAE83FA78C40 /* [CP] Copy Pods Resources */ = {
			isa = PBXShellScriptBuildPhase;
			buildActionMask = 2147483647;
			files = (
			);
			inputPaths = (
			);
			name = "[CP] Copy Pods Resources";
			outputPaths = (
			);
			runOnlyForDeploymentPostprocessing = 0;
			shellPath = /bin/sh;
			shellScript = "\"${SRCROOT}/Pods/Target Support Files/Pods-AIOSXDemo/Pods-AIOSXDemo-resources.sh\"\n";
			showEnvVarsInLog = 0;
		};
/* End PBXShellScriptBuildPhase section */

/* Begin PBXSourcesBuildPhase section */
		CEABF9541C1990AB004BCF62 /* Sources */ = {
			isa = PBXSourcesBuildPhase;
			buildActionMask = 2147483647;
			files = (
				CE5E742B1C1A79E400890183 /* TextRequestViewController.swift in Sources */,
				CEABF95E1C1990AB004BCF62 /* LandingViewController.swift in Sources */,
				CEABF95C1C1990AB004BCF62 /* AppDelegate.swift in Sources */,
			);
			runOnlyForDeploymentPostprocessing = 0;
		};
/* End PBXSourcesBuildPhase section */

/* Begin PBXVariantGroup section */
		CEABF9611C1990AC004BCF62 /* Main.storyboard */ = {
			isa = PBXVariantGroup;
			children = (
				CEABF9621C1990AC004BCF62 /* Base */,
			);
			name = Main.storyboard;
			sourceTree = "<group>";
		};
/* End PBXVariantGroup section */

/* Begin XCBuildConfiguration section */
		CEABF97B1C1990AC004BCF62 /* Debug */ = {
			isa = XCBuildConfiguration;
			buildSettings = {
				ALWAYS_SEARCH_USER_PATHS = NO;
				CLANG_CXX_LANGUAGE_STANDARD = "gnu++0x";
				CLANG_CXX_LIBRARY = "libc++";
				CLANG_ENABLE_MODULES = YES;
				CLANG_ENABLE_OBJC_ARC = YES;
				CLANG_WARN_BOOL_CONVERSION = YES;
				CLANG_WARN_CONSTANT_CONVERSION = YES;
				CLANG_WARN_DIRECT_OBJC_ISA_USAGE = YES_ERROR;
				CLANG_WARN_EMPTY_BODY = YES;
				CLANG_WARN_ENUM_CONVERSION = YES;
				CLANG_WARN_INFINITE_RECURSION = YES;
				CLANG_WARN_INT_CONVERSION = YES;
				CLANG_WARN_OBJC_ROOT_CLASS = YES_ERROR;
				CLANG_WARN_SUSPICIOUS_MOVE = YES;
				CLANG_WARN_UNREACHABLE_CODE = YES;
				CLANG_WARN__DUPLICATE_METHOD_MATCH = YES;
				CODE_SIGN_IDENTITY = "-";
				COPY_PHASE_STRIP = NO;
				DEBUG_INFORMATION_FORMAT = dwarf;
				ENABLE_STRICT_OBJC_MSGSEND = YES;
				ENABLE_TESTABILITY = YES;
				GCC_C_LANGUAGE_STANDARD = gnu99;
				GCC_DYNAMIC_NO_PIC = NO;
				GCC_NO_COMMON_BLOCKS = YES;
				GCC_OPTIMIZATION_LEVEL = 0;
				GCC_PREPROCESSOR_DEFINITIONS = (
					"DEBUG=1",
					"$(inherited)",
				);
				GCC_WARN_64_TO_32_BIT_CONVERSION = YES;
				GCC_WARN_ABOUT_RETURN_TYPE = YES_ERROR;
				GCC_WARN_UNDECLARED_SELECTOR = YES;
				GCC_WARN_UNINITIALIZED_AUTOS = YES_AGGRESSIVE;
				GCC_WARN_UNUSED_FUNCTION = YES;
				GCC_WARN_UNUSED_VARIABLE = YES;
				MACOSX_DEPLOYMENT_TARGET = 10.11;
				MTL_ENABLE_DEBUG_INFO = YES;
				ONLY_ACTIVE_ARCH = YES;
				SDKROOT = macosx;
				SWIFT_OPTIMIZATION_LEVEL = "-Onone";
			};
			name = Debug;
		};
		CEABF97C1C1990AC004BCF62 /* Release */ = {
			isa = XCBuildConfiguration;
			buildSettings = {
				ALWAYS_SEARCH_USER_PATHS = NO;
				CLANG_CXX_LANGUAGE_STANDARD = "gnu++0x";
				CLANG_CXX_LIBRARY = "libc++";
				CLANG_ENABLE_MODULES = YES;
				CLANG_ENABLE_OBJC_ARC = YES;
				CLANG_WARN_BOOL_CONVERSION = YES;
				CLANG_WARN_CONSTANT_CONVERSION = YES;
				CLANG_WARN_DIRECT_OBJC_ISA_USAGE = YES_ERROR;
				CLANG_WARN_EMPTY_BODY = YES;
				CLANG_WARN_ENUM_CONVERSION = YES;
				CLANG_WARN_INFINITE_RECURSION = YES;
				CLANG_WARN_INT_CONVERSION = YES;
				CLANG_WARN_OBJC_ROOT_CLASS = YES_ERROR;
				CLANG_WARN_SUSPICIOUS_MOVE = YES;
				CLANG_WARN_UNREACHABLE_CODE = YES;
				CLANG_WARN__DUPLICATE_METHOD_MATCH = YES;
				CODE_SIGN_IDENTITY = "-";
				COPY_PHASE_STRIP = NO;
				DEBUG_INFORMATION_FORMAT = "dwarf-with-dsym";
				ENABLE_NS_ASSERTIONS = NO;
				ENABLE_STRICT_OBJC_MSGSEND = YES;
				GCC_C_LANGUAGE_STANDARD = gnu99;
				GCC_NO_COMMON_BLOCKS = YES;
				GCC_WARN_64_TO_32_BIT_CONVERSION = YES;
				GCC_WARN_ABOUT_RETURN_TYPE = YES_ERROR;
				GCC_WARN_UNDECLARED_SELECTOR = YES;
				GCC_WARN_UNINITIALIZED_AUTOS = YES_AGGRESSIVE;
				GCC_WARN_UNUSED_FUNCTION = YES;
				GCC_WARN_UNUSED_VARIABLE = YES;
				MACOSX_DEPLOYMENT_TARGET = 10.11;
				MTL_ENABLE_DEBUG_INFO = NO;
				SDKROOT = macosx;
				SWIFT_OPTIMIZATION_LEVEL = "-Owholemodule";
			};
			name = Release;
		};
		CEABF97E1C1990AC004BCF62 /* Debug */ = {
			isa = XCBuildConfiguration;
			baseConfigurationReference = 7739E50E38EF7232DAB45666 /* Pods-AIOSXDemo.debug.xcconfig */;
			buildSettings = {
				ALWAYS_EMBED_SWIFT_STANDARD_LIBRARIES = YES;
				ASSETCATALOG_COMPILER_APPICON_NAME = AppIcon;
				COMBINE_HIDPI_IMAGES = YES;
				INFOPLIST_FILE = AIOSXDemo/Info.plist;
				LD_RUNPATH_SEARCH_PATHS = "$(inherited) @executable_path/../Frameworks";
				PRODUCT_BUNDLE_IDENTIFIER = com.api.ai.AIOSXDemo;
				PRODUCT_NAME = "$(TARGET_NAME)";
				SWIFT_VERSION = 3.0;
			};
			name = Debug;
		};
		CEABF97F1C1990AC004BCF62 /* Release */ = {
			isa = XCBuildConfiguration;
			baseConfigurationReference = 3C7D49D1CB9FB37E0F633D82 /* Pods-AIOSXDemo.release.xcconfig */;
			buildSettings = {
				ALWAYS_EMBED_SWIFT_STANDARD_LIBRARIES = YES;
				ASSETCATALOG_COMPILER_APPICON_NAME = AppIcon;
				COMBINE_HIDPI_IMAGES = YES;
				INFOPLIST_FILE = AIOSXDemo/Info.plist;
				LD_RUNPATH_SEARCH_PATHS = "$(inherited) @executable_path/../Frameworks";
				PRODUCT_BUNDLE_IDENTIFIER = com.api.ai.AIOSXDemo;
				PRODUCT_NAME = "$(TARGET_NAME)";
				SWIFT_VERSION = 3.0;
			};
			name = Release;
		};
/* End XCBuildConfiguration section */

/* Begin XCConfigurationList section */
		CEABF9531C1990AB004BCF62 /* Build configuration list for PBXProject "AIOSXDemo" */ = {
			isa = XCConfigurationList;
			buildConfigurations = (
				CEABF97B1C1990AC004BCF62 /* Debug */,
				CEABF97C1C1990AC004BCF62 /* Release */,
			);
			defaultConfigurationIsVisible = 0;
			defaultConfigurationName = Release;
		};
		CEABF97D1C1990AC004BCF62 /* Build configuration list for PBXNativeTarget "AIOSXDemo" */ = {
			isa = XCConfigurationList;
			buildConfigurations = (
				CEABF97E1C1990AC004BCF62 /* Debug */,
				CEABF97F1C1990AC004BCF62 /* Release */,
			);
			defaultConfigurationIsVisible = 0;
			defaultConfigurationName = Release;
		};
/* End XCConfigurationList section */
	};
	rootObject = CEABF9501C1990AB004BCF62 /* Project object */;
}
